// !$*UTF8*$!
{
	archiveVersion = 1;
	classes = {
	};
	objectVersion = 56;
	objects = {

/* Begin PBXBuildFile section */
		D276C3DA28FD9D32006270B2 /* rodBl0gApp.swift in Sources */ = {isa = PBXBuildFile; fileRef = D276C3D928FD9D32006270B2 /* rodBl0gApp.swift */; };
		D276C3DC28FD9D32006270B2 /* ContentView.swift in Sources */ = {isa = PBXBuildFile; fileRef = D276C3DB28FD9D32006270B2 /* ContentView.swift */; };
		D276C3DE28FD9D34006270B2 /* Assets.xcassets in Resources */ = {isa = PBXBuildFile; fileRef = D276C3DD28FD9D34006270B2 /* Assets.xcassets */; };
		D276C3E128FD9D34006270B2 /* Preview Assets.xcassets in Resources */ = {isa = PBXBuildFile; fileRef = D276C3E028FD9D34006270B2 /* Preview Assets.xcassets */; };
		D276C3EB28FD9D34006270B2 /* rodBl0gTests.swift in Sources */ = {isa = PBXBuildFile; fileRef = D276C3EA28FD9D34006270B2 /* rodBl0gTests.swift */; };
		D276C3F528FD9D34006270B2 /* rodBl0gUITests.swift in Sources */ = {isa = PBXBuildFile; fileRef = D276C3F428FD9D34006270B2 /* rodBl0gUITests.swift */; };
		D276C3F728FD9D34006270B2 /* rodBl0gUITestsLaunchTests.swift in Sources */ = {isa = PBXBuildFile; fileRef = D276C3F628FD9D34006270B2 /* rodBl0gUITestsLaunchTests.swift */; };
/* End PBXBuildFile section */

/* Begin PBXContainerItemProxy section */
		D276C3E728FD9D34006270B2 /* PBXContainerItemProxy */ = {
			isa = PBXContainerItemProxy;
			containerPortal = D276C3CE28FD9D32006270B2 /* Project object */;
			proxyType = 1;
			remoteGlobalIDString = D276C3D528FD9D32006270B2;
			remoteInfo = rodBl0g;
		};
		D276C3F128FD9D34006270B2 /* PBXContainerItemProxy */ = {
			isa = PBXContainerItemProxy;
			containerPortal = D276C3CE28FD9D32006270B2 /* Project object */;
			proxyType = 1;
			remoteGlobalIDString = D276C3D528FD9D32006270B2;
			remoteInfo = rodBl0g;
		};
/* End PBXContainerItemProxy section */

/* Begin PBXFileReference section */
		D276C3D628FD9D32006270B2 /* rodBl0g.app */ = {isa = PBXFileReference; explicitFileType = wrapper.application; includeInIndex = 0; path = rodBl0g.app; sourceTree = BUILT_PRODUCTS_DIR; };
		D276C3D928FD9D32006270B2 /* rodBl0gApp.swift */ = {isa = PBXFileReference; lastKnownFileType = sourcecode.swift; path = rodBl0gApp.swift; sourceTree = "<group>"; };
		D276C3DB28FD9D32006270B2 /* ContentView.swift */ = {isa = PBXFileReference; lastKnownFileType = sourcecode.swift; path = ContentView.swift; sourceTree = "<group>"; };
		D276C3DD28FD9D34006270B2 /* Assets.xcassets */ = {isa = PBXFileReference; lastKnownFileType = folder.assetcatalog; path = Assets.xcassets; sourceTree = "<group>"; };
		D276C3E028FD9D34006270B2 /* Preview Assets.xcassets */ = {isa = PBXFileReference; lastKnownFileType = folder.assetcatalog; path = "Preview Assets.xcassets"; sourceTree = "<group>"; };
		D276C3E628FD9D34006270B2 /* rodBl0gTests.xctest */ = {isa = PBXFileReference; explicitFileType = wrapper.cfbundle; includeInIndex = 0; path = rodBl0gTests.xctest; sourceTree = BUILT_PRODUCTS_DIR; };
		D276C3EA28FD9D34006270B2 /* rodBl0gTests.swift */ = {isa = PBXFileReference; lastKnownFileType = sourcecode.swift; path = rodBl0gTests.swift; sourceTree = "<group>"; };
		D276C3F028FD9D34006270B2 /* rodBl0gUITests.xctest */ = {isa = PBXFileReference; explicitFileType = wrapper.cfbundle; includeInIndex = 0; path = rodBl0gUITests.xctest; sourceTree = BUILT_PRODUCTS_DIR; };
		D276C3F428FD9D34006270B2 /* rodBl0gUITests.swift */ = {isa = PBXFileReference; lastKnownFileType = sourcecode.swift; path = rodBl0gUITests.swift; sourceTree = "<group>"; };
		D276C3F628FD9D34006270B2 /* rodBl0gUITestsLaunchTests.swift */ = {isa = PBXFileReference; lastKnownFileType = sourcecode.swift; path = rodBl0gUITestsLaunchTests.swift; sourceTree = "<group>"; };
/* End PBXFileReference section */

/* Begin PBXFrameworksBuildPhase section */
		D276C3D328FD9D32006270B2 /* Frameworks */ = {
			isa = PBXFrameworksBuildPhase;
			buildActionMask = 2147483647;
			files = (
			);
			runOnlyForDeploymentPostprocessing = 0;
		};
		D276C3E328FD9D34006270B2 /* Frameworks */ = {
			isa = PBXFrameworksBuildPhase;
			buildActionMask = 2147483647;
			files = (
			);
			runOnlyForDeploymentPostprocessing = 0;
		};
		D276C3ED28FD9D34006270B2 /* Frameworks */ = {
			isa = PBXFrameworksBuildPhase;
			buildActionMask = 2147483647;
			files = (
			);
			runOnlyForDeploymentPostprocessing = 0;
		};
/* End PBXFrameworksBuildPhase section */

/* Begin PBXGroup section */
		D276C3CD28FD9D32006270B2 = {
			isa = PBXGroup;
			children = (
				D276C3D828FD9D32006270B2 /* rodBl0g */,
				D276C3E928FD9D34006270B2 /* rodBl0gTests */,
				D276C3F328FD9D34006270B2 /* rodBl0gUITests */,
				D276C3D728FD9D32006270B2 /* Products */,
			);
			sourceTree = "<group>";
		};
		D276C3D728FD9D32006270B2 /* Products */ = {
			isa = PBXGroup;
			children = (
				D276C3D628FD9D32006270B2 /* rodBl0g.app */,
				D276C3E628FD9D34006270B2 /* rodBl0gTests.xctest */,
				D276C3F028FD9D34006270B2 /* rodBl0gUITests.xctest */,
			);
			name = Products;
			sourceTree = "<group>";
		};
		D276C3D828FD9D32006270B2 /* rodBl0g */ = {
			isa = PBXGroup;
			children = (
				D276C3D928FD9D32006270B2 /* rodBl0gApp.swift */,
				D276C3DB28FD9D32006270B2 /* ContentView.swift */,
				D276C3DD28FD9D34006270B2 /* Assets.xcassets */,
				D276C3DF28FD9D34006270B2 /* Preview Content */,
			);
			path = rodBl0g;
			sourceTree = "<group>";
		};
		D276C3DF28FD9D34006270B2 /* Preview Content */ = {
			isa = PBXGroup;
			children = (
				D276C3E028FD9D34006270B2 /* Preview Assets.xcassets */,
			);
			path = "Preview Content";
			sourceTree = "<group>";
		};
		D276C3E928FD9D34006270B2 /* rodBl0gTests */ = {
			isa = PBXGroup;
			children = (
				D276C3EA28FD9D34006270B2 /* rodBl0gTests.swift */,
			);
			path = rodBl0gTests;
			sourceTree = "<group>";
		};
		D276C3F328FD9D34006270B2 /* rodBl0gUITests */ = {
			isa = PBXGroup;
			children = (
				D276C3F428FD9D34006270B2 /* rodBl0gUITests.swift */,
				D276C3F628FD9D34006270B2 /* rodBl0gUITestsLaunchTests.swift */,
			);
			path = rodBl0gUITests;
			sourceTree = "<group>";
		};
/* End PBXGroup section */

/* Begin PBXNativeTarget section */
		D276C3D528FD9D32006270B2 /* rodBl0g */ = {
			isa = PBXNativeTarget;
			buildConfigurationList = D276C3FA28FD9D34006270B2 /* Build configuration list for PBXNativeTarget "rodBl0g" */;
			buildPhases = (
				D276C3D228FD9D32006270B2 /* Sources */,
				D276C3D328FD9D32006270B2 /* Frameworks */,
				D276C3D428FD9D32006270B2 /* Resources */,
			);
			buildRules = (
			);
			dependencies = (
			);
			name = rodBl0g;
			productName = rodBl0g;
			productReference = D276C3D628FD9D32006270B2 /* rodBl0g.app */;
			productType = "com.apple.product-type.application";
		};
		D276C3E528FD9D34006270B2 /* rodBl0gTests */ = {
			isa = PBXNativeTarget;
			buildConfigurationList = D276C3FD28FD9D34006270B2 /* Build configuration list for PBXNativeTarget "rodBl0gTests" */;
			buildPhases = (
				D276C3E228FD9D34006270B2 /* Sources */,
				D276C3E328FD9D34006270B2 /* Frameworks */,
				D276C3E428FD9D34006270B2 /* Resources */,
			);
			buildRules = (
			);
			dependencies = (
				D276C3E828FD9D34006270B2 /* PBXTargetDependency */,
			);
			name = rodBl0gTests;
			productName = rodBl0gTests;
			productReference = D276C3E628FD9D34006270B2 /* rodBl0gTests.xctest */;
			productType = "com.apple.product-type.bundle.unit-test";
		};
		D276C3EF28FD9D34006270B2 /* rodBl0gUITests */ = {
			isa = PBXNativeTarget;
			buildConfigurationList = D276C40028FD9D34006270B2 /* Build configuration list for PBXNativeTarget "rodBl0gUITests" */;
			buildPhases = (
				D276C3EC28FD9D34006270B2 /* Sources */,
				D276C3ED28FD9D34006270B2 /* Frameworks */,
				D276C3EE28FD9D34006270B2 /* Resources */,
			);
			buildRules = (
			);
			dependencies = (
				D276C3F228FD9D34006270B2 /* PBXTargetDependency */,
			);
			name = rodBl0gUITests;
			productName = rodBl0gUITests;
			productReference = D276C3F028FD9D34006270B2 /* rodBl0gUITests.xctest */;
			productType = "com.apple.product-type.bundle.ui-testing";
		};
/* End PBXNativeTarget section */

/* Begin PBXProject section */
		D276C3CE28FD9D32006270B2 /* Project object */ = {
			isa = PBXProject;
			attributes = {
				BuildIndependentTargetsInParallel = 1;
				LastSwiftUpdateCheck = 1400;
				LastUpgradeCheck = 1400;
				TargetAttributes = {
					D276C3D528FD9D32006270B2 = {
						CreatedOnToolsVersion = 14.0.1;
					};
					D276C3E528FD9D34006270B2 = {
						CreatedOnToolsVersion = 14.0.1;
						TestTargetID = D276C3D528FD9D32006270B2;
					};
					D276C3EF28FD9D34006270B2 = {
						CreatedOnToolsVersion = 14.0.1;
						TestTargetID = D276C3D528FD9D32006270B2;
					};
				};
			};
			buildConfigurationList = D276C3D128FD9D32006270B2 /* Build configuration list for PBXProject "rodBl0g" */;
			compatibilityVersion = "Xcode 14.0";
			developmentRegion = en;
			hasScannedForEncodings = 0;
			knownRegions = (
				en,
				Base,
			);
			mainGroup = D276C3CD28FD9D32006270B2;
			productRefGroup = D276C3D728FD9D32006270B2 /* Products */;
			projectDirPath = "";
			projectRoot = "";
			targets = (
				D276C3D528FD9D32006270B2 /* rodBl0g */,
				D276C3E528FD9D34006270B2 /* rodBl0gTests */,
				D276C3EF28FD9D34006270B2 /* rodBl0gUITests */,
			);
		};
/* End PBXProject section */

/* Begin PBXResourcesBuildPhase section */
		D276C3D428FD9D32006270B2 /* Resources */ = {
			isa = PBXResourcesBuildPhase;
			buildActionMask = 2147483647;
			files = (
				D276C3E128FD9D34006270B2 /* Preview Assets.xcassets in Resources */,
				D276C3DE28FD9D34006270B2 /* Assets.xcassets in Resources */,
			);
			runOnlyForDeploymentPostprocessing = 0;
		};
		D276C3E428FD9D34006270B2 /* Resources */ = {
			isa = PBXResourcesBuildPhase;
			buildActionMask = 2147483647;
			files = (
			);
			runOnlyForDeploymentPostprocessing = 0;
		};
		D276C3EE28FD9D34006270B2 /* Resources */ = {
			isa = PBXResourcesBuildPhase;
			buildActionMask = 2147483647;
			files = (
			);
			runOnlyForDeploymentPostprocessing = 0;
		};
/* End PBXResourcesBuildPhase section */

/* Begin PBXSourcesBuildPhase section */
		D276C3D228FD9D32006270B2 /* Sources */ = {
			isa = PBXSourcesBuildPhase;
			buildActionMask = 2147483647;
			files = (
				D276C3DC28FD9D32006270B2 /* ContentView.swift in Sources */,
				D276C3DA28FD9D32006270B2 /* rodBl0gApp.swift in Sources */,
			);
			runOnlyForDeploymentPostprocessing = 0;
		};
		D276C3E228FD9D34006270B2 /* Sources */ = {
			isa = PBXSourcesBuildPhase;
			buildActionMask = 2147483647;
			files = (
				D276C3EB28FD9D34006270B2 /* rodBl0gTests.swift in Sources */,
			);
			runOnlyForDeploymentPostprocessing = 0;
		};
		D276C3EC28FD9D34006270B2 /* Sources */ = {
			isa = PBXSourcesBuildPhase;
			buildActionMask = 2147483647;
			files = (
				D276C3F528FD9D34006270B2 /* rodBl0gUITests.swift in Sources */,
				D276C3F728FD9D34006270B2 /* rodBl0gUITestsLaunchTests.swift in Sources */,
			);
			runOnlyForDeploymentPostprocessing = 0;
		};
/* End PBXSourcesBuildPhase section */

/* Begin PBXTargetDependency section */
		D276C3E828FD9D34006270B2 /* PBXTargetDependency */ = {
			isa = PBXTargetDependency;
			target = D276C3D528FD9D32006270B2 /* rodBl0g */;
			targetProxy = D276C3E728FD9D34006270B2 /* PBXContainerItemProxy */;
		};
		D276C3F228FD9D34006270B2 /* PBXTargetDependency */ = {
			isa = PBXTargetDependency;
			target = D276C3D528FD9D32006270B2 /* rodBl0g */;
			targetProxy = D276C3F128FD9D34006270B2 /* PBXContainerItemProxy */;
		};
/* End PBXTargetDependency section */

/* Begin XCBuildConfiguration section */
		D276C3F828FD9D34006270B2 /* Debug */ = {
			isa = XCBuildConfiguration;
			buildSettings = {
				ALWAYS_SEARCH_USER_PATHS = NO;
				CLANG_ANALYZER_NONNULL = YES;
				CLANG_ANALYZER_NUMBER_OBJECT_CONVERSION = YES_AGGRESSIVE;
				CLANG_CXX_LANGUAGE_STANDARD = "gnu++20";
				CLANG_ENABLE_MODULES = YES;
				CLANG_ENABLE_OBJC_ARC = YES;
				CLANG_ENABLE_OBJC_WEAK = YES;
				CLANG_WARN_BLOCK_CAPTURE_AUTORELEASING = YES;
				CLANG_WARN_BOOL_CONVERSION = YES;
				CLANG_WARN_COMMA = YES;
				CLANG_WARN_CONSTANT_CONVERSION = YES;
				CLANG_WARN_DEPRECATED_OBJC_IMPLEMENTATIONS = YES;
				CLANG_WARN_DIRECT_OBJC_ISA_USAGE = YES_ERROR;
				CLANG_WARN_DOCUMENTATION_COMMENTS = YES;
				CLANG_WARN_EMPTY_BODY = YES;
				CLANG_WARN_ENUM_CONVERSION = YES;
				CLANG_WARN_INFINITE_RECURSION = YES;
				CLANG_WARN_INT_CONVERSION = YES;
				CLANG_WARN_NON_LITERAL_NULL_CONVERSION = YES;
				CLANG_WARN_OBJC_IMPLICIT_RETAIN_SELF = YES;
				CLANG_WARN_OBJC_LITERAL_CONVERSION = YES;
				CLANG_WARN_OBJC_ROOT_CLASS = YES_ERROR;
				CLANG_WARN_QUOTED_INCLUDE_IN_FRAMEWORK_HEADER = YES;
				CLANG_WARN_RANGE_LOOP_ANALYSIS = YES;
				CLANG_WARN_STRICT_PROTOTYPES = YES;
				CLANG_WARN_SUSPICIOUS_MOVE = YES;
				CLANG_WARN_UNGUARDED_AVAILABILITY = YES_AGGRESSIVE;
				CLANG_WARN_UNREACHABLE_CODE = YES;
				CLANG_WARN__DUPLICATE_METHOD_MATCH = YES;
				COPY_PHASE_STRIP = NO;
				DEBUG_INFORMATION_FORMAT = dwarf;
				ENABLE_STRICT_OBJC_MSGSEND = YES;
				ENABLE_TESTABILITY = YES;
				GCC_C_LANGUAGE_STANDARD = gnu11;
				GCC_DYNAMIC_NO_PIC = NO;
				GCC_NO_COMMON_BLOCKS = YES;
				GCC_OPTIMIZATION_LEVEL = 0;
				GCC_PREPROCESSOR_DEFINITIONS = (
					"DEBUG=1",
					"$(inherited)",
				);
				GCC_WARN_64_TO_32_BIT_CONVERSION = YES;
				GCC_WARN_ABOUT_RETURN_TYPE = YES_ERROR;
				GCC_WARN_UNDECLARED_SELECTOR = YES;
				GCC_WARN_UNINITIALIZED_AUTOS = YES_AGGRESSIVE;
				GCC_WARN_UNUSED_FUNCTION = YES;
				GCC_WARN_UNUSED_VARIABLE = YES;
				IPHONEOS_DEPLOYMENT_TARGET = 16.0;
				MTL_ENABLE_DEBUG_INFO = INCLUDE_SOURCE;
				MTL_FAST_MATH = YES;
				ONLY_ACTIVE_ARCH = YES;
				SDKROOT = iphoneos;
				SWIFT_ACTIVE_COMPILATION_CONDITIONS = DEBUG;
				SWIFT_OPTIMIZATION_LEVEL = "-Onone";
			};
			name = Debug;
		};
		D276C3F928FD9D34006270B2 /* Release */ = {
			isa = XCBuildConfiguration;
			buildSettings = {
				ALWAYS_SEARCH_USER_PATHS = NO;
				CLANG_ANALYZER_NONNULL = YES;
				CLANG_ANALYZER_NUMBER_OBJECT_CONVERSION = YES_AGGRESSIVE;
				CLANG_CXX_LANGUAGE_STANDARD = "gnu++20";
				CLANG_ENABLE_MODULES = YES;
				CLANG_ENABLE_OBJC_ARC = YES;
				CLANG_ENABLE_OBJC_WEAK = YES;
				CLANG_WARN_BLOCK_CAPTURE_AUTORELEASING = YES;
				CLANG_WARN_BOOL_CONVERSION = YES;
				CLANG_WARN_COMMA = YES;
				CLANG_WARN_CONSTANT_CONVERSION = YES;
				CLANG_WARN_DEPRECATED_OBJC_IMPLEMENTATIONS = YES;
				CLANG_WARN_DIRECT_OBJC_ISA_USAGE = YES_ERROR;
				CLANG_WARN_DOCUMENTATION_COMMENTS = YES;
				CLANG_WARN_EMPTY_BODY = YES;
				CLANG_WARN_ENUM_CONVERSION = YES;
				CLANG_WARN_INFINITE_RECURSION = YES;
				CLANG_WARN_INT_CONVERSION = YES;
				CLANG_WARN_NON_LITERAL_NULL_CONVERSION = YES;
				CLANG_WARN_OBJC_IMPLICIT_RETAIN_SELF = YES;
				CLANG_WARN_OBJC_LITERAL_CONVERSION = YES;
				CLANG_WARN_OBJC_ROOT_CLASS = YES_ERROR;
				CLANG_WARN_QUOTED_INCLUDE_IN_FRAMEWORK_HEADER = YES;
				CLANG_WARN_RANGE_LOOP_ANALYSIS = YES;
				CLANG_WARN_STRICT_PROTOTYPES = YES;
				CLANG_WARN_SUSPICIOUS_MOVE = YES;
				CLANG_WARN_UNGUARDED_AVAILABILITY = YES_AGGRESSIVE;
				CLANG_WARN_UNREACHABLE_CODE = YES;
				CLANG_WARN__DUPLICATE_METHOD_MATCH = YES;
				COPY_PHASE_STRIP = NO;
				DEBUG_INFORMATION_FORMAT = "dwarf-with-dsym";
				ENABLE_NS_ASSERTIONS = NO;
				ENABLE_STRICT_OBJC_MSGSEND = YES;
				GCC_C_LANGUAGE_STANDARD = gnu11;
				GCC_NO_COMMON_BLOCKS = YES;
				GCC_WARN_64_TO_32_BIT_CONVERSION = YES;
				GCC_WARN_ABOUT_RETURN_TYPE = YES_ERROR;
				GCC_WARN_UNDECLARED_SELECTOR = YES;
				GCC_WARN_UNINITIALIZED_AUTOS = YES_AGGRESSIVE;
				GCC_WARN_UNUSED_FUNCTION = YES;
				GCC_WARN_UNUSED_VARIABLE = YES;
				IPHONEOS_DEPLOYMENT_TARGET = 16.0;
				MTL_ENABLE_DEBUG_INFO = NO;
				MTL_FAST_MATH = YES;
				SDKROOT = iphoneos;
				SWIFT_COMPILATION_MODE = wholemodule;
				SWIFT_OPTIMIZATION_LEVEL = "-O";
				VALIDATE_PRODUCT = YES;
			};
			name = Release;
		};
		D276C3FB28FD9D34006270B2 /* Debug */ = {
			isa = XCBuildConfiguration;
			buildSettings = {
				ASSETCATALOG_COMPILER_APPICON_NAME = AppIcon;
				ASSETCATALOG_COMPILER_GLOBAL_ACCENT_COLOR_NAME = AccentColor;
				CODE_SIGN_STYLE = Automatic;
				CURRENT_PROJECT_VERSION = 1;
				DEVELOPMENT_ASSET_PATHS = "\"rodBl0g/Preview Content\"";
				DEVELOPMENT_TEAM = 523DPANPM6;
				ENABLE_PREVIEWS = YES;
				GENERATE_INFOPLIST_FILE = YES;
				INFOPLIST_KEY_UIApplicationSceneManifest_Generation = YES;
				INFOPLIST_KEY_UIApplicationSupportsIndirectInputEvents = YES;
				INFOPLIST_KEY_UILaunchScreen_Generation = YES;
				INFOPLIST_KEY_UISupportedInterfaceOrientations_iPad = "UIInterfaceOrientationPortrait UIInterfaceOrientationPortraitUpsideDown UIInterfaceOrientationLandscapeLeft UIInterfaceOrientationLandscapeRight";
				INFOPLIST_KEY_UISupportedInterfaceOrientations_iPhone = "UIInterfaceOrientationPortrait UIInterfaceOrientationLandscapeLeft UIInterfaceOrientationLandscapeRight";
				LD_RUNPATH_SEARCH_PATHS = (
					"$(inherited)",
					"@executable_path/Frameworks",
				);
				MARKETING_VERSION = 1.0;
				PRODUCT_BUNDLE_IDENTIFIER = com.jurrod.rodBl0g;
				PRODUCT_NAME = "$(TARGET_NAME)";
				SWIFT_EMIT_LOC_STRINGS = YES;
				SWIFT_VERSION = 5.0;
				TARGETED_DEVICE_FAMILY = "1,2";
			};
			name = Debug;
		};
		D276C3FC28FD9D34006270B2 /* Release */ = {
			isa = XCBuildConfiguration;
			buildSettings = {
				ASSETCATALOG_COMPILER_APPICON_NAME = AppIcon;
				ASSETCATALOG_COMPILER_GLOBAL_ACCENT_COLOR_NAME = AccentColor;
				CODE_SIGN_STYLE = Automatic;
				CURRENT_PROJECT_VERSION = 1;
				DEVELOPMENT_ASSET_PATHS = "\"rodBl0g/Preview Content\"";
				DEVELOPMENT_TEAM = 523DPANPM6;
				ENABLE_PREVIEWS = YES;
				GENERATE_INFOPLIST_FILE = YES;
				INFOPLIST_KEY_UIApplicationSceneManifest_Generation = YES;
				INFOPLIST_KEY_UIApplicationSupportsIndirectInputEvents = YES;
				INFOPLIST_KEY_UILaunchScreen_Generation = YES;
				INFOPLIST_KEY_UISupportedInterfaceOrientations_iPad = "UIInterfaceOrientationPortrait UIInterfaceOrientationPortraitUpsideDown UIInterfaceOrientationLandscapeLeft UIInterfaceOrientationLandscapeRight";
				INFOPLIST_KEY_UISupportedInterfaceOrientations_iPhone = "UIInterfaceOrientationPortrait UIInterfaceOrientationLandscapeLeft UIInterfaceOrientationLandscapeRight";
				LD_RUNPATH_SEARCH_PATHS = (
					"$(inherited)",
					"@executable_path/Frameworks",
				);
				MARKETING_VERSION = 1.0;
				PRODUCT_BUNDLE_IDENTIFIER = com.jurrod.rodBl0g;
				PRODUCT_NAME = "$(TARGET_NAME)";
				SWIFT_EMIT_LOC_STRINGS = YES;
				SWIFT_VERSION = 5.0;
				TARGETED_DEVICE_FAMILY = "1,2";
			};
			name = Release;
		};
		D276C3FE28FD9D34006270B2 /* Debug */ = {
			isa = XCBuildConfiguration;
			buildSettings = {
				ALWAYS_EMBED_SWIFT_STANDARD_LIBRARIES = YES;
				BUNDLE_LOADER = "$(TEST_HOST)";
				CODE_SIGN_STYLE = Automatic;
				CURRENT_PROJECT_VERSION = 1;
				DEVELOPMENT_TEAM = 523DPANPM6;
				GENERATE_INFOPLIST_FILE = YES;
				IPHONEOS_DEPLOYMENT_TARGET = 16.0;
				MARKETING_VERSION = 1.0;
				PRODUCT_BUNDLE_IDENTIFIER = com.jurrod.rodBl0gTests;
				PRODUCT_NAME = "$(TARGET_NAME)";
				SWIFT_EMIT_LOC_STRINGS = NO;
				SWIFT_VERSION = 5.0;
				TARGETED_DEVICE_FAMILY = "1,2";
				TEST_HOST = "$(BUILT_PRODUCTS_DIR)/rodBl0g.app/$(BUNDLE_EXECUTABLE_FOLDER_PATH)/rodBl0g";
			};
			name = Debug;
		};
		D276C3FF28FD9D34006270B2 /* Release */ = {
			isa = XCBuildConfiguration;
			buildSettings = {
				ALWAYS_EMBED_SWIFT_STANDARD_LIBRARIES = YES;
				BUNDLE_LOADER = "$(TEST_HOST)";
				CODE_SIGN_STYLE = Automatic;
				CURRENT_PROJECT_VERSION = 1;
				DEVELOPMENT_TEAM = 523DPANPM6;
				GENERATE_INFOPLIST_FILE = YES;
				IPHONEOS_DEPLOYMENT_TARGET = 16.0;
				MARKETING_VERSION = 1.0;
				PRODUCT_BUNDLE_IDENTIFIER = com.jurrod.rodBl0gTests;
				PRODUCT_NAME = "$(TARGET_NAME)";
				SWIFT_EMIT_LOC_STRINGS = NO;
				SWIFT_VERSION = 5.0;
				TARGETED_DEVICE_FAMILY = "1,2";
				TEST_HOST = "$(BUILT_PRODUCTS_DIR)/rodBl0g.app/$(BUNDLE_EXECUTABLE_FOLDER_PATH)/rodBl0g";
			};
			name = Release;
		};
		D276C40128FD9D34006270B2 /* Debug */ = {
			isa = XCBuildConfiguration;
			buildSettings = {
				ALWAYS_EMBED_SWIFT_STANDARD_LIBRARIES = YES;
				CODE_SIGN_STYLE = Automatic;
				CURRENT_PROJECT_VERSION = 1;
				DEVELOPMENT_TEAM = 523DPANPM6;
				GENERATE_INFOPLIST_FILE = YES;
				MARKETING_VERSION = 1.0;
				PRODUCT_BUNDLE_IDENTIFIER = com.jurrod.rodBl0gUITests;
				PRODUCT_NAME = "$(TARGET_NAME)";
				SWIFT_EMIT_LOC_STRINGS = NO;
				SWIFT_VERSION = 5.0;
				TARGETED_DEVICE_FAMILY = "1,2";
				TEST_TARGET_NAME = rodBl0g;
			};
			name = Debug;
		};
		D276C40228FD9D34006270B2 /* Release */ = {
			isa = XCBuildConfiguration;
			buildSettings = {
				ALWAYS_EMBED_SWIFT_STANDARD_LIBRARIES = YES;
				CODE_SIGN_STYLE = Automatic;
				CURRENT_PROJECT_VERSION = 1;
				DEVELOPMENT_TEAM = 523DPANPM6;
				GENERATE_INFOPLIST_FILE = YES;
				MARKETING_VERSION = 1.0;
				PRODUCT_BUNDLE_IDENTIFIER = com.jurrod.rodBl0gUITests;
				PRODUCT_NAME = "$(TARGET_NAME)";
				SWIFT_EMIT_LOC_STRINGS = NO;
				SWIFT_VERSION = 5.0;
				TARGETED_DEVICE_FAMILY = "1,2";
				TEST_TARGET_NAME = rodBl0g;
			};
			name = Release;
		};
/* End XCBuildConfiguration section */

/* Begin XCConfigurationList section */
		D276C3D128FD9D32006270B2 /* Build configuration list for PBXProject "rodBl0g" */ = {
			isa = XCConfigurationList;
			buildConfigurations = (
				D276C3F828FD9D34006270B2 /* Debug */,
				D276C3F928FD9D34006270B2 /* Release */,
			);
			defaultConfigurationIsVisible = 0;
			defaultConfigurationName = Release;
		};
		D276C3FA28FD9D34006270B2 /* Build configuration list for PBXNativeTarget "rodBl0g" */ = {
			isa = XCConfigurationList;
			buildConfigurations = (
				D276C3FB28FD9D34006270B2 /* Debug */,
				D276C3FC28FD9D34006270B2 /* Release */,
			);
			defaultConfigurationIsVisible = 0;
			defaultConfigurationName = Release;
		};
		D276C3FD28FD9D34006270B2 /* Build configuration list for PBXNativeTarget "rodBl0gTests" */ = {
			isa = XCConfigurationList;
			buildConfigurations = (
				D276C3FE28FD9D34006270B2 /* Debug */,
				D276C3FF28FD9D34006270B2 /* Release */,
			);
			defaultConfigurationIsVisible = 0;
			defaultConfigurationName = Release;
		};
		D276C40028FD9D34006270B2 /* Build configuration list for PBXNativeTarget "rodBl0gUITests" */ = {
			isa = XCConfigurationList;
			buildConfigurations = (
				D276C40128FD9D34006270B2 /* Debug */,
				D276C40228FD9D34006270B2 /* Release */,
			);
			defaultConfigurationIsVisible = 0;
			defaultConfigurationName = Release;
		};
/* End XCConfigurationList section */
	};
	rootObject = D276C3CE28FD9D32006270B2 /* Project object */;
}
